{
  "name": "inscricoes",
  "version": "1.0.0",
  "lockfileVersion": 1,
  "requires": true,
  "dependencies": {
    "@angular/core": {
      "version": "10.0.11",
      "resolved": "https://registry.npmjs.org/@angular/core/-/core-10.0.11.tgz",
      "integrity": "sha512-9kv+4JmsIVkbGG8NSmtgEFkm8QtFr/TXjyrqEzl81qlZwSG3FpcqQGG0qb2hlwX81LoWQenbBY0g21yTciEZjA==",
      "requires": {
        "tslib": "^2.0.0"
      }
    },
    "tslib": {
      "version": "2.0.1",
      "resolved": "https://registry.npmjs.org/tslib/-/tslib-2.0.1.tgz",
      "integrity": "sha512-SgIkNheinmEBgx1IUNirK0TUD4X9yjjBRTqqjggWCU3pUEqIk3/Uwl3yRixYKT6WjQuGiwDv4NomL3wqRCj+CQ=="
    }
  }
}
